// !$*UTF8*$!
{
	archiveVersion = 1;
	classes = {
	};
	objectVersion = 46;
	objects = {

/* Begin PBXBuildFile section */
		171BA9F319DF4AD000C66676 /* User+Extended.m in Sources */ = {isa = PBXBuildFile; fileRef = 171BA9F219DF4AD000C66676 /* User+Extended.m */; };
		171BA9F619DF545C00C66676 /* ServerHandler.m in Sources */ = {isa = PBXBuildFile; fileRef = 171BA9F519DF545C00C66676 /* ServerHandler.m */; };
		171BAA0819DF79EA00C66676 /* Spot+Extended.m in Sources */ = {isa = PBXBuildFile; fileRef = 171BAA0719DF79EA00C66676 /* Spot+Extended.m */; };
		1731D5181A0AB9040068A769 /* Images.xcassets in Resources */ = {isa = PBXBuildFile; fileRef = 1731D5171A0AB9040068A769 /* Images.xcassets */; };
		1731D51A1A0AF6DB0068A769 /* cvalt-roundedButton.png in Resources */ = {isa = PBXBuildFile; fileRef = 1731D5191A0AF6DB0068A769 /* cvalt-roundedButton.png */; };
		1731D51C1A0B002F0068A769 /* cvalt-textLogo.png in Resources */ = {isa = PBXBuildFile; fileRef = 1731D51B1A0B002F0068A769 /* cvalt-textLogo.png */; };
		1731D51E1A0B027B0068A769 /* cvalt-textLogo-blue.png in Resources */ = {isa = PBXBuildFile; fileRef = 1731D51D1A0B027B0068A769 /* cvalt-textLogo-blue.png */; };
		1731D5211A0B042A0068A769 /* LoginViewController.m in Sources */ = {isa = PBXBuildFile; fileRef = 1731D5201A0B042A0068A769 /* LoginViewController.m */; };
		1734B7A619E4954A009B228A /* CreateSpotViewController.m in Sources */ = {isa = PBXBuildFile; fileRef = 1734B7A519E4954A009B228A /* CreateSpotViewController.m */; };
		1740BBA31A0B46770033D2DE /* LocationManagerHandler.m in Sources */ = {isa = PBXBuildFile; fileRef = 1740BBA21A0B46770033D2DE /* LocationManagerHandler.m */; };
		174A537D1A045947007B7358 /* AWSHandler.m in Sources */ = {isa = PBXBuildFile; fileRef = 174A537C1A045947007B7358 /* AWSHandler.m */; };
		174A538F1A058F42007B7358 /* AWSCognitoSync.framework in Frameworks */ = {isa = PBXBuildFile; fileRef = 174A538E1A058F42007B7358 /* AWSCognitoSync.framework */; };
		175BC87A1A02BB5800EFAEEA /* Bolts.framework in Frameworks */ = {isa = PBXBuildFile; fileRef = 175BC8731A02BB5800EFAEEA /* Bolts.framework */; };
		175BC87B1A02BB5800EFAEEA /* GZIP.framework in Frameworks */ = {isa = PBXBuildFile; fileRef = 175BC8741A02BB5800EFAEEA /* GZIP.framework */; };
		175BC87C1A02BB5800EFAEEA /* Mantle.framework in Frameworks */ = {isa = PBXBuildFile; fileRef = 175BC8751A02BB5800EFAEEA /* Mantle.framework */; };
		175BC87D1A02BB5800EFAEEA /* Reachability.framework in Frameworks */ = {isa = PBXBuildFile; fileRef = 175BC8761A02BB5800EFAEEA /* Reachability.framework */; };
		175BC87E1A02BB5800EFAEEA /* TMCache.framework in Frameworks */ = {isa = PBXBuildFile; fileRef = 175BC8771A02BB5800EFAEEA /* TMCache.framework */; };
		175BC87F1A02BB5800EFAEEA /* UICKeyChainStore.framework in Frameworks */ = {isa = PBXBuildFile; fileRef = 175BC8781A02BB5800EFAEEA /* UICKeyChainStore.framework */; };
		175BC8801A02BB5800EFAEEA /* XMLDictionary.framework in Frameworks */ = {isa = PBXBuildFile; fileRef = 175BC8791A02BB5800EFAEEA /* XMLDictionary.framework */; };
		175DA60419DA1D2800897710 /* main.m in Sources */ = {isa = PBXBuildFile; fileRef = 175DA60319DA1D2800897710 /* main.m */; };
		175DA60719DA1D2800897710 /* AppDelegate.m in Sources */ = {isa = PBXBuildFile; fileRef = 175DA60619DA1D2800897710 /* AppDelegate.m */; };
		175DA60A19DA1D2800897710 /* PKProject.xcdatamodeld in Sources */ = {isa = PBXBuildFile; fileRef = 175DA60819DA1D2800897710 /* PKProject.xcdatamodeld */; };
		175DA61019DA1D2800897710 /* Main.storyboard in Resources */ = {isa = PBXBuildFile; fileRef = 175DA60E19DA1D2800897710 /* Main.storyboard */; };
		175DA61219DA1D2800897710 /* Images.xcassets in Resources */ = {isa = PBXBuildFile; fileRef = 175DA61119DA1D2800897710 /* Images.xcassets */; };
		175DA61519DA1D2800897710 /* LaunchScreen.xib in Resources */ = {isa = PBXBuildFile; fileRef = 175DA61319DA1D2800897710 /* LaunchScreen.xib */; };
		175DA62119DA1D2800897710 /* PKProjectTests.m in Sources */ = {isa = PBXBuildFile; fileRef = 175DA62019DA1D2800897710 /* PKProjectTests.m */; };
		175DA62C19DB491700897710 /* MapViewController.m in Sources */ = {isa = PBXBuildFile; fileRef = 175DA62B19DB491700897710 /* MapViewController.m */; };
		175DA62F19DB499300897710 /* MapKit.framework in Frameworks */ = {isa = PBXBuildFile; fileRef = 175DA62E19DB499300897710 /* MapKit.framework */; };
		175DA63119DB499A00897710 /* CoreLocation.framework in Frameworks */ = {isa = PBXBuildFile; fileRef = 175DA63019DB499A00897710 /* CoreLocation.framework */; };
		1762F6ED19EF192700EE71C2 /* defaultSpotPhoto.jpg in Resources */ = {isa = PBXBuildFile; fileRef = 1762F6EC19EF192700EE71C2 /* defaultSpotPhoto.jpg */; };
		1762F6F019EF28A200EE71C2 /* Photo+Extended.m in Sources */ = {isa = PBXBuildFile; fileRef = 1762F6EF19EF28A200EE71C2 /* Photo+Extended.m */; };
		1762F6F619EF40C500EE71C2 /* PhotoCollectionViewCell.m in Sources */ = {isa = PBXBuildFile; fileRef = 1762F6F519EF40C500EE71C2 /* PhotoCollectionViewCell.m */; };
		1762F6F819F0674000EE71C2 /* noSpotPhoto.jpg in Resources */ = {isa = PBXBuildFile; fileRef = 1762F6F719F0674000EE71C2 /* noSpotPhoto.jpg */; };
		1762F6FB19F1BC4300EE71C2 /* ServerObject.m in Sources */ = {isa = PBXBuildFile; fileRef = 1762F6FA19F1BC4300EE71C2 /* ServerObject.m */; };
		1762F6FE19F1BC4400EE71C2 /* Photo.m in Sources */ = {isa = PBXBuildFile; fileRef = 1762F6FD19F1BC4400EE71C2 /* Photo.m */; };
		1762F70119F1BC4400EE71C2 /* Spot.m in Sources */ = {isa = PBXBuildFile; fileRef = 1762F70019F1BC4400EE71C2 /* Spot.m */; };
		1762F70419F1BC4400EE71C2 /* User.m in Sources */ = {isa = PBXBuildFile; fileRef = 1762F70319F1BC4400EE71C2 /* User.m */; };
		17A2FC671A0843CB00564441 /* libHeap.a in Frameworks */ = {isa = PBXBuildFile; fileRef = 17A2FC661A0843CB00564441 /* libHeap.a */; };
		17A2FC6A1A08445500564441 /* CFNetwork.framework in Frameworks */ = {isa = PBXBuildFile; fileRef = 17A2FC691A08445500564441 /* CFNetwork.framework */; };
		17A2FC6C1A08446100564441 /* Foundation.framework in Frameworks */ = {isa = PBXBuildFile; fileRef = 17A2FC6B1A08446100564441 /* Foundation.framework */; };
		17A2FC6E1A08446E00564441 /* libicucore.dylib in Frameworks */ = {isa = PBXBuildFile; fileRef = 17A2FC6D1A08446E00564441 /* libicucore.dylib */; };
		17A2FC701A08447E00564441 /* Security.framework in Frameworks */ = {isa = PBXBuildFile; fileRef = 17A2FC6F1A08447E00564441 /* Security.framework */; };
		17A2FC721A08448500564441 /* SystemConfiguration.framework in Frameworks */ = {isa = PBXBuildFile; fileRef = 17A2FC711A08448500564441 /* SystemConfiguration.framework */; };
		17A2FC741A08448F00564441 /* UIKit.framework in Frameworks */ = {isa = PBXBuildFile; fileRef = 17A2FC731A08448F00564441 /* UIKit.framework */; };
		17A6D94519FAC33F0038EC1E /* AWSiOSSDKv2.framework in Frameworks */ = {isa = PBXBuildFile; fileRef = 17A6D94419FAC33F0038EC1E /* AWSiOSSDKv2.framework */; };
		17A6D94819FACF490038EC1E /* ALAssetsLibrary+CustomPhotoAlbum.m in Sources */ = {isa = PBXBuildFile; fileRef = 17A6D94719FACF490038EC1E /* ALAssetsLibrary+CustomPhotoAlbum.m */; };
		17C7BF9F19E85A3900BD019A /* ServerObjects+Extended.m in Sources */ = {isa = PBXBuildFile; fileRef = 17C7BF9E19E85A3900BD019A /* ServerObjects+Extended.m */; };
		17F2C5E319F83C4B008C86AE /* libsqlite3.dylib in Frameworks */ = {isa = PBXBuildFile; fileRef = 17F2C5E219F83C4B008C86AE /* libsqlite3.dylib */; };
		17F2C5E519F83C56008C86AE /* libz.dylib in Frameworks */ = {isa = PBXBuildFile; fileRef = 17F2C5E419F83C56008C86AE /* libz.dylib */; };
		17F2C60519F83D6E008C86AE /* autoscaling-2011-01-01.json in Resources */ = {isa = PBXBuildFile; fileRef = 17F2C5F619F83D6E008C86AE /* autoscaling-2011-01-01.json */; };
		17F2C60619F83D6E008C86AE /* cib-2014-06-30.json in Resources */ = {isa = PBXBuildFile; fileRef = 17F2C5F719F83D6E008C86AE /* cib-2014-06-30.json */; };
		17F2C60719F83D6E008C86AE /* css-2014-06-30.json in Resources */ = {isa = PBXBuildFile; fileRef = 17F2C5F819F83D6E008C86AE /* css-2014-06-30.json */; };
		17F2C60819F83D6E008C86AE /* dynamodb-2012-08-10.json in Resources */ = {isa = PBXBuildFile; fileRef = 17F2C5F919F83D6E008C86AE /* dynamodb-2012-08-10.json */; };
		17F2C60919F83D6E008C86AE /* ec2-2014-06-15.json in Resources */ = {isa = PBXBuildFile; fileRef = 17F2C5FA19F83D6E008C86AE /* ec2-2014-06-15.json */; };
		17F2C60A19F83D6E008C86AE /* elasticloadbalancing-2012-06-01.json in Resources */ = {isa = PBXBuildFile; fileRef = 17F2C5FB19F83D6E008C86AE /* elasticloadbalancing-2012-06-01.json */; };
		17F2C60B19F83D6E008C86AE /* email-2010-12-01.json in Resources */ = {isa = PBXBuildFile; fileRef = 17F2C5FC19F83D6E008C86AE /* email-2010-12-01.json */; };
		17F2C60C19F83D6E008C86AE /* kinesis-2013-12-02.json in Resources */ = {isa = PBXBuildFile; fileRef = 17F2C5FD19F83D6E008C86AE /* kinesis-2013-12-02.json */; };
		17F2C60D19F83D6E008C86AE /* mobileanalytics-2014-06-30.json in Resources */ = {isa = PBXBuildFile; fileRef = 17F2C5FE19F83D6E008C86AE /* mobileanalytics-2014-06-30.json */; };
		17F2C60E19F83D6E008C86AE /* monitoring-2010-08-01.json in Resources */ = {isa = PBXBuildFile; fileRef = 17F2C5FF19F83D6E008C86AE /* monitoring-2010-08-01.json */; };
		17F2C60F19F83D6E008C86AE /* s3-2006-03-01.json in Resources */ = {isa = PBXBuildFile; fileRef = 17F2C60019F83D6E008C86AE /* s3-2006-03-01.json */; };
		17F2C61019F83D6E008C86AE /* sdb-2009-04-15.json in Resources */ = {isa = PBXBuildFile; fileRef = 17F2C60119F83D6E008C86AE /* sdb-2009-04-15.json */; };
		17F2C61119F83D6E008C86AE /* sns-2010-03-31.json in Resources */ = {isa = PBXBuildFile; fileRef = 17F2C60219F83D6E008C86AE /* sns-2010-03-31.json */; };
		17F2C61219F83D6E008C86AE /* sqs-2012-11-05.json in Resources */ = {isa = PBXBuildFile; fileRef = 17F2C60319F83D6E008C86AE /* sqs-2012-11-05.json */; };
		17F2C61319F83D6E008C86AE /* sts-2011-06-15.json in Resources */ = {isa = PBXBuildFile; fileRef = 17F2C60419F83D6E008C86AE /* sts-2011-06-15.json */; };
		17F2C61619F8554E008C86AE /* CoreDataHandler.m in Sources */ = {isa = PBXBuildFile; fileRef = 17F2C61519F8554E008C86AE /* CoreDataHandler.m */; };
		17F2C61819F867C4008C86AE /* loadingSpotPhoto.jpg in Resources */ = {isa = PBXBuildFile; fileRef = 17F2C61719F867C4008C86AE /* loadingSpotPhoto.jpg */; };
/* End PBXBuildFile section */

/* Begin PBXContainerItemProxy section */
		175DA61B19DA1D2800897710 /* PBXContainerItemProxy */ = {
			isa = PBXContainerItemProxy;
			containerPortal = 175DA5F619DA1D2800897710 /* Project object */;
			proxyType = 1;
			remoteGlobalIDString = 175DA5FD19DA1D2800897710;
			remoteInfo = PKProject;
		};
/* End PBXContainerItemProxy section */

/* Begin PBXFileReference section */
		171BA9F119DF4AD000C66676 /* User+Extended.h */ = {isa = PBXFileReference; fileEncoding = 4; lastKnownFileType = sourcecode.c.h; path = "User+Extended.h"; sourceTree = "<group>"; };
		171BA9F219DF4AD000C66676 /* User+Extended.m */ = {isa = PBXFileReference; fileEncoding = 4; lastKnownFileType = sourcecode.c.objc; path = "User+Extended.m"; sourceTree = "<group>"; };
		171BA9F419DF545C00C66676 /* ServerHandler.h */ = {isa = PBXFileReference; fileEncoding = 4; lastKnownFileType = sourcecode.c.h; path = ServerHandler.h; sourceTree = "<group>"; };
		171BA9F519DF545C00C66676 /* ServerHandler.m */ = {isa = PBXFileReference; fileEncoding = 4; lastKnownFileType = sourcecode.c.objc; path = ServerHandler.m; sourceTree = "<group>"; };
		171BAA0619DF79EA00C66676 /* Spot+Extended.h */ = {isa = PBXFileReference; fileEncoding = 4; lastKnownFileType = sourcecode.c.h; path = "Spot+Extended.h"; sourceTree = "<group>"; };
		171BAA0719DF79EA00C66676 /* Spot+Extended.m */ = {isa = PBXFileReference; fileEncoding = 4; lastKnownFileType = sourcecode.c.objc; path = "Spot+Extended.m"; sourceTree = "<group>"; };
		1731D5171A0AB9040068A769 /* Images.xcassets */ = {isa = PBXFileReference; lastKnownFileType = folder.assetcatalog; path = Images.xcassets; sourceTree = "<group>"; };
		1731D5191A0AF6DB0068A769 /* cvalt-roundedButton.png */ = {isa = PBXFileReference; lastKnownFileType = image.png; path = "cvalt-roundedButton.png"; sourceTree = "<group>"; };
		1731D51B1A0B002F0068A769 /* cvalt-textLogo.png */ = {isa = PBXFileReference; lastKnownFileType = image.png; path = "cvalt-textLogo.png"; sourceTree = "<group>"; };
		1731D51D1A0B027B0068A769 /* cvalt-textLogo-blue.png */ = {isa = PBXFileReference; lastKnownFileType = image.png; name = "cvalt-textLogo-blue.png"; path = "../cvalt-textLogo-blue.png"; sourceTree = "<group>"; };
		1731D51F1A0B042A0068A769 /* LoginViewController.h */ = {isa = PBXFileReference; fileEncoding = 4; lastKnownFileType = sourcecode.c.h; path = LoginViewController.h; sourceTree = "<group>"; };
		1731D5201A0B042A0068A769 /* LoginViewController.m */ = {isa = PBXFileReference; fileEncoding = 4; lastKnownFileType = sourcecode.c.objc; path = LoginViewController.m; sourceTree = "<group>"; };
		1734B7A419E4954A009B228A /* CreateSpotViewController.h */ = {isa = PBXFileReference; fileEncoding = 4; lastKnownFileType = sourcecode.c.h; path = CreateSpotViewController.h; sourceTree = "<group>"; };
		1734B7A519E4954A009B228A /* CreateSpotViewController.m */ = {isa = PBXFileReference; fileEncoding = 4; lastKnownFileType = sourcecode.c.objc; path = CreateSpotViewController.m; sourceTree = "<group>"; };
		1740BBA11A0B46770033D2DE /* LocationManagerHandler.h */ = {isa = PBXFileReference; fileEncoding = 4; lastKnownFileType = sourcecode.c.h; path = LocationManagerHandler.h; sourceTree = "<group>"; };
		1740BBA21A0B46770033D2DE /* LocationManagerHandler.m */ = {isa = PBXFileReference; fileEncoding = 4; lastKnownFileType = sourcecode.c.objc; path = LocationManagerHandler.m; sourceTree = "<group>"; };
		174A537B1A045947007B7358 /* AWSHandler.h */ = {isa = PBXFileReference; fileEncoding = 4; lastKnownFileType = sourcecode.c.h; path = AWSHandler.h; sourceTree = "<group>"; };
		174A537C1A045947007B7358 /* AWSHandler.m */ = {isa = PBXFileReference; fileEncoding = 4; lastKnownFileType = sourcecode.c.objc; path = AWSHandler.m; sourceTree = "<group>"; };
		174A538E1A058F42007B7358 /* AWSCognitoSync.framework */ = {isa = PBXFileReference; lastKnownFileType = wrapper.framework; path = AWSCognitoSync.framework; sourceTree = "<group>"; };
		175BC8731A02BB5800EFAEEA /* Bolts.framework */ = {isa = PBXFileReference; lastKnownFileType = wrapper.framework; path = Bolts.framework; sourceTree = "<group>"; };
		175BC8741A02BB5800EFAEEA /* GZIP.framework */ = {isa = PBXFileReference; lastKnownFileType = wrapper.framework; path = GZIP.framework; sourceTree = "<group>"; };
		175BC8751A02BB5800EFAEEA /* Mantle.framework */ = {isa = PBXFileReference; lastKnownFileType = wrapper.framework; path = Mantle.framework; sourceTree = "<group>"; };
		175BC8761A02BB5800EFAEEA /* Reachability.framework */ = {isa = PBXFileReference; lastKnownFileType = wrapper.framework; path = Reachability.framework; sourceTree = "<group>"; };
		175BC8771A02BB5800EFAEEA /* TMCache.framework */ = {isa = PBXFileReference; lastKnownFileType = wrapper.framework; path = TMCache.framework; sourceTree = "<group>"; };
		175BC8781A02BB5800EFAEEA /* UICKeyChainStore.framework */ = {isa = PBXFileReference; lastKnownFileType = wrapper.framework; path = UICKeyChainStore.framework; sourceTree = "<group>"; };
		175BC8791A02BB5800EFAEEA /* XMLDictionary.framework */ = {isa = PBXFileReference; lastKnownFileType = wrapper.framework; path = XMLDictionary.framework; sourceTree = "<group>"; };
		175DA5FE19DA1D2800897710 /* CVALT.app */ = {isa = PBXFileReference; explicitFileType = wrapper.application; includeInIndex = 0; path = CVALT.app; sourceTree = BUILT_PRODUCTS_DIR; };
		175DA60219DA1D2800897710 /* Info.plist */ = {isa = PBXFileReference; lastKnownFileType = text.plist.xml; path = Info.plist; sourceTree = "<group>"; };
		175DA60319DA1D2800897710 /* main.m */ = {isa = PBXFileReference; lastKnownFileType = sourcecode.c.objc; path = main.m; sourceTree = "<group>"; };
		175DA60519DA1D2800897710 /* AppDelegate.h */ = {isa = PBXFileReference; lastKnownFileType = sourcecode.c.h; path = AppDelegate.h; sourceTree = "<group>"; };
		175DA60619DA1D2800897710 /* AppDelegate.m */ = {isa = PBXFileReference; lastKnownFileType = sourcecode.c.objc; path = AppDelegate.m; sourceTree = "<group>"; };
		175DA60919DA1D2800897710 /* PKProject.xcdatamodel */ = {isa = PBXFileReference; lastKnownFileType = wrapper.xcdatamodel; path = PKProject.xcdatamodel; sourceTree = "<group>"; };
		175DA60F19DA1D2800897710 /* Base */ = {isa = PBXFileReference; lastKnownFileType = file.storyboard; name = Base; path = Base.lproj/Main.storyboard; sourceTree = "<group>"; };
		175DA61119DA1D2800897710 /* Images.xcassets */ = {isa = PBXFileReference; lastKnownFileType = folder.assetcatalog; path = Images.xcassets; sourceTree = "<group>"; };
		175DA61419DA1D2800897710 /* Base */ = {isa = PBXFileReference; lastKnownFileType = file.xib; name = Base; path = Base.lproj/LaunchScreen.xib; sourceTree = "<group>"; };
		175DA61A19DA1D2800897710 /* PKProjectTests.xctest */ = {isa = PBXFileReference; explicitFileType = wrapper.cfbundle; includeInIndex = 0; path = PKProjectTests.xctest; sourceTree = BUILT_PRODUCTS_DIR; };
		175DA61F19DA1D2800897710 /* Info.plist */ = {isa = PBXFileReference; lastKnownFileType = text.plist.xml; path = Info.plist; sourceTree = "<group>"; };
		175DA62019DA1D2800897710 /* PKProjectTests.m */ = {isa = PBXFileReference; lastKnownFileType = sourcecode.c.objc; path = PKProjectTests.m; sourceTree = "<group>"; };
		175DA62A19DB491700897710 /* MapViewController.h */ = {isa = PBXFileReference; fileEncoding = 4; lastKnownFileType = sourcecode.c.h; path = MapViewController.h; sourceTree = "<group>"; };
		175DA62B19DB491700897710 /* MapViewController.m */ = {isa = PBXFileReference; fileEncoding = 4; lastKnownFileType = sourcecode.c.objc; path = MapViewController.m; sourceTree = "<group>"; };
		175DA62E19DB499300897710 /* MapKit.framework */ = {isa = PBXFileReference; lastKnownFileType = wrapper.framework; name = MapKit.framework; path = System/Library/Frameworks/MapKit.framework; sourceTree = SDKROOT; };
		175DA63019DB499A00897710 /* CoreLocation.framework */ = {isa = PBXFileReference; lastKnownFileType = wrapper.framework; name = CoreLocation.framework; path = System/Library/Frameworks/CoreLocation.framework; sourceTree = SDKROOT; };
		1762F6EC19EF192700EE71C2 /* defaultSpotPhoto.jpg */ = {isa = PBXFileReference; lastKnownFileType = image.jpeg; path = defaultSpotPhoto.jpg; sourceTree = "<group>"; };
		1762F6EE19EF28A200EE71C2 /* Photo+Extended.h */ = {isa = PBXFileReference; fileEncoding = 4; lastKnownFileType = sourcecode.c.h; path = "Photo+Extended.h"; sourceTree = "<group>"; };
		1762F6EF19EF28A200EE71C2 /* Photo+Extended.m */ = {isa = PBXFileReference; fileEncoding = 4; lastKnownFileType = sourcecode.c.objc; path = "Photo+Extended.m"; sourceTree = "<group>"; };
		1762F6F419EF40C500EE71C2 /* PhotoCollectionViewCell.h */ = {isa = PBXFileReference; fileEncoding = 4; lastKnownFileType = sourcecode.c.h; path = PhotoCollectionViewCell.h; sourceTree = "<group>"; };
		1762F6F519EF40C500EE71C2 /* PhotoCollectionViewCell.m */ = {isa = PBXFileReference; fileEncoding = 4; lastKnownFileType = sourcecode.c.objc; path = PhotoCollectionViewCell.m; sourceTree = "<group>"; };
		1762F6F719F0674000EE71C2 /* noSpotPhoto.jpg */ = {isa = PBXFileReference; lastKnownFileType = image.jpeg; path = noSpotPhoto.jpg; sourceTree = "<group>"; };
		1762F6F919F1BC4300EE71C2 /* ServerObject.h */ = {isa = PBXFileReference; fileEncoding = 4; lastKnownFileType = sourcecode.c.h; path = ServerObject.h; sourceTree = "<group>"; };
		1762F6FA19F1BC4300EE71C2 /* ServerObject.m */ = {isa = PBXFileReference; fileEncoding = 4; lastKnownFileType = sourcecode.c.objc; path = ServerObject.m; sourceTree = "<group>"; };
		1762F6FC19F1BC4400EE71C2 /* Photo.h */ = {isa = PBXFileReference; fileEncoding = 4; lastKnownFileType = sourcecode.c.h; path = Photo.h; sourceTree = "<group>"; };
		1762F6FD19F1BC4400EE71C2 /* Photo.m */ = {isa = PBXFileReference; fileEncoding = 4; lastKnownFileType = sourcecode.c.objc; path = Photo.m; sourceTree = "<group>"; };
		1762F6FF19F1BC4400EE71C2 /* Spot.h */ = {isa = PBXFileReference; fileEncoding = 4; lastKnownFileType = sourcecode.c.h; path = Spot.h; sourceTree = "<group>"; };
		1762F70019F1BC4400EE71C2 /* Spot.m */ = {isa = PBXFileReference; fileEncoding = 4; lastKnownFileType = sourcecode.c.objc; path = Spot.m; sourceTree = "<group>"; };
		1762F70219F1BC4400EE71C2 /* User.h */ = {isa = PBXFileReference; fileEncoding = 4; lastKnownFileType = sourcecode.c.h; path = User.h; sourceTree = "<group>"; };
		1762F70319F1BC4400EE71C2 /* User.m */ = {isa = PBXFileReference; fileEncoding = 4; lastKnownFileType = sourcecode.c.objc; path = User.m; sourceTree = "<group>"; };
		17A2FC661A0843CB00564441 /* libHeap.a */ = {isa = PBXFileReference; lastKnownFileType = archive.ar; path = libHeap.a; sourceTree = "<group>"; };
		17A2FC681A0843EB00564441 /* Heap.h */ = {isa = PBXFileReference; fileEncoding = 4; lastKnownFileType = sourcecode.c.h; path = Heap.h; sourceTree = "<group>"; };
		17A2FC691A08445500564441 /* CFNetwork.framework */ = {isa = PBXFileReference; lastKnownFileType = wrapper.framework; name = CFNetwork.framework; path = System/Library/Frameworks/CFNetwork.framework; sourceTree = SDKROOT; };
		17A2FC6B1A08446100564441 /* Foundation.framework */ = {isa = PBXFileReference; lastKnownFileType = wrapper.framework; name = Foundation.framework; path = System/Library/Frameworks/Foundation.framework; sourceTree = SDKROOT; };
		17A2FC6D1A08446E00564441 /* libicucore.dylib */ = {isa = PBXFileReference; lastKnownFileType = "compiled.mach-o.dylib"; name = libicucore.dylib; path = usr/lib/libicucore.dylib; sourceTree = SDKROOT; };
		17A2FC6F1A08447E00564441 /* Security.framework */ = {isa = PBXFileReference; lastKnownFileType = wrapper.framework; name = Security.framework; path = System/Library/Frameworks/Security.framework; sourceTree = SDKROOT; };
		17A2FC711A08448500564441 /* SystemConfiguration.framework */ = {isa = PBXFileReference; lastKnownFileType = wrapper.framework; name = SystemConfiguration.framework; path = System/Library/Frameworks/SystemConfiguration.framework; sourceTree = SDKROOT; };
		17A2FC731A08448F00564441 /* UIKit.framework */ = {isa = PBXFileReference; lastKnownFileType = wrapper.framework; name = UIKit.framework; path = System/Library/Frameworks/UIKit.framework; sourceTree = SDKROOT; };
		17A6D94419FAC33F0038EC1E /* AWSiOSSDKv2.framework */ = {isa = PBXFileReference; lastKnownFileType = wrapper.framework; path = AWSiOSSDKv2.framework; sourceTree = "<group>"; };
		17A6D94619FACF490038EC1E /* ALAssetsLibrary+CustomPhotoAlbum.h */ = {isa = PBXFileReference; fileEncoding = 4; lastKnownFileType = sourcecode.c.h; path = "ALAssetsLibrary+CustomPhotoAlbum.h"; sourceTree = "<group>"; };
		17A6D94719FACF490038EC1E /* ALAssetsLibrary+CustomPhotoAlbum.m */ = {isa = PBXFileReference; fileEncoding = 4; lastKnownFileType = sourcecode.c.objc; path = "ALAssetsLibrary+CustomPhotoAlbum.m"; sourceTree = "<group>"; };
		17C7BF9D19E85A3900BD019A /* ServerObject+Extended.h */ = {isa = PBXFileReference; fileEncoding = 4; lastKnownFileType = sourcecode.c.h; path = "ServerObject+Extended.h"; sourceTree = "<group>"; };
		17C7BF9E19E85A3900BD019A /* ServerObjects+Extended.m */ = {isa = PBXFileReference; fileEncoding = 4; lastKnownFileType = sourcecode.c.objc; path = "ServerObjects+Extended.m"; sourceTree = "<group>"; };
		17F2C5E219F83C4B008C86AE /* libsqlite3.dylib */ = {isa = PBXFileReference; lastKnownFileType = "compiled.mach-o.dylib"; name = libsqlite3.dylib; path = usr/lib/libsqlite3.dylib; sourceTree = SDKROOT; };
		17F2C5E419F83C56008C86AE /* libz.dylib */ = {isa = PBXFileReference; lastKnownFileType = "compiled.mach-o.dylib"; name = libz.dylib; path = usr/lib/libz.dylib; sourceTree = SDKROOT; };
		17F2C5F619F83D6E008C86AE /* autoscaling-2011-01-01.json */ = {isa = PBXFileReference; fileEncoding = 4; lastKnownFileType = text.json; path = "autoscaling-2011-01-01.json"; sourceTree = "<group>"; };
		17F2C5F719F83D6E008C86AE /* cib-2014-06-30.json */ = {isa = PBXFileReference; fileEncoding = 4; lastKnownFileType = text.json; path = "cib-2014-06-30.json"; sourceTree = "<group>"; };
		17F2C5F819F83D6E008C86AE /* css-2014-06-30.json */ = {isa = PBXFileReference; fileEncoding = 4; lastKnownFileType = text.json; path = "css-2014-06-30.json"; sourceTree = "<group>"; };
		17F2C5F919F83D6E008C86AE /* dynamodb-2012-08-10.json */ = {isa = PBXFileReference; fileEncoding = 4; lastKnownFileType = text.json; path = "dynamodb-2012-08-10.json"; sourceTree = "<group>"; };
		17F2C5FA19F83D6E008C86AE /* ec2-2014-06-15.json */ = {isa = PBXFileReference; fileEncoding = 4; lastKnownFileType = text.json; path = "ec2-2014-06-15.json"; sourceTree = "<group>"; };
		17F2C5FB19F83D6E008C86AE /* elasticloadbalancing-2012-06-01.json */ = {isa = PBXFileReference; fileEncoding = 4; lastKnownFileType = text.json; path = "elasticloadbalancing-2012-06-01.json"; sourceTree = "<group>"; };
		17F2C5FC19F83D6E008C86AE /* email-2010-12-01.json */ = {isa = PBXFileReference; fileEncoding = 4; lastKnownFileType = text.json; path = "email-2010-12-01.json"; sourceTree = "<group>"; };
		17F2C5FD19F83D6E008C86AE /* kinesis-2013-12-02.json */ = {isa = PBXFileReference; fileEncoding = 4; lastKnownFileType = text.json; path = "kinesis-2013-12-02.json"; sourceTree = "<group>"; };
		17F2C5FE19F83D6E008C86AE /* mobileanalytics-2014-06-30.json */ = {isa = PBXFileReference; fileEncoding = 4; lastKnownFileType = text.json; path = "mobileanalytics-2014-06-30.json"; sourceTree = "<group>"; };
		17F2C5FF19F83D6E008C86AE /* monitoring-2010-08-01.json */ = {isa = PBXFileReference; fileEncoding = 4; lastKnownFileType = text.json; path = "monitoring-2010-08-01.json"; sourceTree = "<group>"; };
		17F2C60019F83D6E008C86AE /* s3-2006-03-01.json */ = {isa = PBXFileReference; fileEncoding = 4; lastKnownFileType = text.json; path = "s3-2006-03-01.json"; sourceTree = "<group>"; };
		17F2C60119F83D6E008C86AE /* sdb-2009-04-15.json */ = {isa = PBXFileReference; fileEncoding = 4; lastKnownFileType = text.json; path = "sdb-2009-04-15.json"; sourceTree = "<group>"; };
		17F2C60219F83D6E008C86AE /* sns-2010-03-31.json */ = {isa = PBXFileReference; fileEncoding = 4; lastKnownFileType = text.json; path = "sns-2010-03-31.json"; sourceTree = "<group>"; };
		17F2C60319F83D6E008C86AE /* sqs-2012-11-05.json */ = {isa = PBXFileReference; fileEncoding = 4; lastKnownFileType = text.json; path = "sqs-2012-11-05.json"; sourceTree = "<group>"; };
		17F2C60419F83D6E008C86AE /* sts-2011-06-15.json */ = {isa = PBXFileReference; fileEncoding = 4; lastKnownFileType = text.json; path = "sts-2011-06-15.json"; sourceTree = "<group>"; };
		17F2C61419F8554E008C86AE /* CoreDataHandler.h */ = {isa = PBXFileReference; fileEncoding = 4; lastKnownFileType = sourcecode.c.h; path = CoreDataHandler.h; sourceTree = "<group>"; };
		17F2C61519F8554E008C86AE /* CoreDataHandler.m */ = {isa = PBXFileReference; fileEncoding = 4; lastKnownFileType = sourcecode.c.objc; path = CoreDataHandler.m; sourceTree = "<group>"; };
		17F2C61719F867C4008C86AE /* loadingSpotPhoto.jpg */ = {isa = PBXFileReference; lastKnownFileType = image.jpeg; path = loadingSpotPhoto.jpg; sourceTree = "<group>"; };
/* End PBXFileReference section */

/* Begin PBXFrameworksBuildPhase section */
		175DA5FB19DA1D2800897710 /* Frameworks */ = {
			isa = PBXFrameworksBuildPhase;
			buildActionMask = 2147483647;
			files = (
				17A2FC741A08448F00564441 /* UIKit.framework in Frameworks */,
				17A2FC721A08448500564441 /* SystemConfiguration.framework in Frameworks */,
				17A2FC701A08447E00564441 /* Security.framework in Frameworks */,
				17A2FC6E1A08446E00564441 /* libicucore.dylib in Frameworks */,
				17A2FC6C1A08446100564441 /* Foundation.framework in Frameworks */,
				17A2FC6A1A08445500564441 /* CFNetwork.framework in Frameworks */,
				175BC87D1A02BB5800EFAEEA /* Reachability.framework in Frameworks */,
				174A538F1A058F42007B7358 /* AWSCognitoSync.framework in Frameworks */,
				175BC87E1A02BB5800EFAEEA /* TMCache.framework in Frameworks */,
				175BC87B1A02BB5800EFAEEA /* GZIP.framework in Frameworks */,
				175BC87A1A02BB5800EFAEEA /* Bolts.framework in Frameworks */,
				17F2C5E519F83C56008C86AE /* libz.dylib in Frameworks */,
				175BC87F1A02BB5800EFAEEA /* UICKeyChainStore.framework in Frameworks */,
				17F2C5E319F83C4B008C86AE /* libsqlite3.dylib in Frameworks */,
				175BC8801A02BB5800EFAEEA /* XMLDictionary.framework in Frameworks */,
				175BC87C1A02BB5800EFAEEA /* Mantle.framework in Frameworks */,
				17A6D94519FAC33F0038EC1E /* AWSiOSSDKv2.framework in Frameworks */,
				17A2FC671A0843CB00564441 /* libHeap.a in Frameworks */,
				175DA63119DB499A00897710 /* CoreLocation.framework in Frameworks */,
				175DA62F19DB499300897710 /* MapKit.framework in Frameworks */,
			);
			runOnlyForDeploymentPostprocessing = 0;
		};
		175DA61719DA1D2800897710 /* Frameworks */ = {
			isa = PBXFrameworksBuildPhase;
			buildActionMask = 2147483647;
			files = (
			);
			runOnlyForDeploymentPostprocessing = 0;
		};
/* End PBXFrameworksBuildPhase section */

/* Begin PBXGroup section */
		171BA9ED19DC7F5800C66676 /* Core Data Classes */ = {
			isa = PBXGroup;
			children = (
				1762F6F919F1BC4300EE71C2 /* ServerObject.h */,
				1762F6FA19F1BC4300EE71C2 /* ServerObject.m */,
				1762F70219F1BC4400EE71C2 /* User.h */,
				1762F70319F1BC4400EE71C2 /* User.m */,
				1762F6FF19F1BC4400EE71C2 /* Spot.h */,
				1762F70019F1BC4400EE71C2 /* Spot.m */,
				1762F6FC19F1BC4400EE71C2 /* Photo.h */,
				1762F6FD19F1BC4400EE71C2 /* Photo.m */,
			);
			name = "Core Data Classes";
			sourceTree = "<group>";
		};
		1734B77B19E469A1009B228A /* SampleSpots */ = {
			isa = PBXGroup;
			children = (
				1731D51D1A0B027B0068A769 /* cvalt-textLogo-blue.png */,
				1731D51B1A0B002F0068A769 /* cvalt-textLogo.png */,
				1731D5191A0AF6DB0068A769 /* cvalt-roundedButton.png */,
				17F2C61719F867C4008C86AE /* loadingSpotPhoto.jpg */,
				1762F6F719F0674000EE71C2 /* noSpotPhoto.jpg */,
				1762F6EC19EF192700EE71C2 /* defaultSpotPhoto.jpg */,
			);
			path = SampleSpots;
			sourceTree = "<group>";
		};
		175DA5F519DA1D2800897710 = {
			isa = PBXGroup;
			children = (
				1731D5171A0AB9040068A769 /* Images.xcassets */,
				17F2C5F519F83D6E008C86AE /* service-definitions */,
				17F2C5F419F83CE0008C86AE /* Frameworks */,
				175DA60019DA1D2800897710 /* PKProject */,
				175DA61D19DA1D2800897710 /* PKProjectTests */,
				175DA5FF19DA1D2800897710 /* Products */,
			);
			sourceTree = "<group>";
		};
		175DA5FF19DA1D2800897710 /* Products */ = {
			isa = PBXGroup;
			children = (
				175DA5FE19DA1D2800897710 /* CVALT.app */,
				175DA61A19DA1D2800897710 /* PKProjectTests.xctest */,
			);
			name = Products;
			sourceTree = "<group>";
		};
		175DA60019DA1D2800897710 /* PKProject */ = {
			isa = PBXGroup;
			children = (
				175DA60519DA1D2800897710 /* AppDelegate.h */,
				175DA60619DA1D2800897710 /* AppDelegate.m */,
				1731D51F1A0B042A0068A769 /* LoginViewController.h */,
				1731D5201A0B042A0068A769 /* LoginViewController.m */,
				175DA62A19DB491700897710 /* MapViewController.h */,
				175DA62B19DB491700897710 /* MapViewController.m */,
				1762F6F419EF40C500EE71C2 /* PhotoCollectionViewCell.h */,
				1762F6F519EF40C500EE71C2 /* PhotoCollectionViewCell.m */,
				1734B7A419E4954A009B228A /* CreateSpotViewController.h */,
				1734B7A519E4954A009B228A /* CreateSpotViewController.m */,
				171BA9F419DF545C00C66676 /* ServerHandler.h */,
				171BA9F519DF545C00C66676 /* ServerHandler.m */,
				17F2C61419F8554E008C86AE /* CoreDataHandler.h */,
				17F2C61519F8554E008C86AE /* CoreDataHandler.m */,
				174A537B1A045947007B7358 /* AWSHandler.h */,
				174A537C1A045947007B7358 /* AWSHandler.m */,
				1740BBA11A0B46770033D2DE /* LocationManagerHandler.h */,
				1740BBA21A0B46770033D2DE /* LocationManagerHandler.m */,
				1762F70519F1BC5200EE71C2 /* Core Data Extended */,
				171BA9ED19DC7F5800C66676 /* Core Data Classes */,
				175DA62D19DB493200897710 /* Structure */,
				175DA60119DA1D2800897710 /* Supporting Files */,
				17A6D94619FACF490038EC1E /* ALAssetsLibrary+CustomPhotoAlbum.h */,
				17A6D94719FACF490038EC1E /* ALAssetsLibrary+CustomPhotoAlbum.m */,
				17A2FC681A0843EB00564441 /* Heap.h */,
			);
			path = PKProject;
			sourceTree = "<group>";
		};
		175DA60119DA1D2800897710 /* Supporting Files */ = {
			isa = PBXGroup;
			children = (
				1734B77B19E469A1009B228A /* SampleSpots */,
				175DA60219DA1D2800897710 /* Info.plist */,
				175DA60319DA1D2800897710 /* main.m */,
			);
			name = "Supporting Files";
			sourceTree = "<group>";
		};
		175DA61D19DA1D2800897710 /* PKProjectTests */ = {
			isa = PBXGroup;
			children = (
				175DA62019DA1D2800897710 /* PKProjectTests.m */,
				175DA61E19DA1D2800897710 /* Supporting Files */,
			);
			path = PKProjectTests;
			sourceTree = "<group>";
		};
		175DA61E19DA1D2800897710 /* Supporting Files */ = {
			isa = PBXGroup;
			children = (
				175DA61F19DA1D2800897710 /* Info.plist */,
			);
			name = "Supporting Files";
			sourceTree = "<group>";
		};
		175DA62D19DB493200897710 /* Structure */ = {
			isa = PBXGroup;
			children = (
				175DA60E19DA1D2800897710 /* Main.storyboard */,
				175DA61119DA1D2800897710 /* Images.xcassets */,
				175DA61319DA1D2800897710 /* LaunchScreen.xib */,
				175DA60819DA1D2800897710 /* PKProject.xcdatamodeld */,
			);
			name = Structure;
			sourceTree = "<group>";
		};
		1762F70519F1BC5200EE71C2 /* Core Data Extended */ = {
			isa = PBXGroup;
			children = (
				17C7BF9D19E85A3900BD019A /* ServerObject+Extended.h */,
				17C7BF9E19E85A3900BD019A /* ServerObjects+Extended.m */,
				171BA9F119DF4AD000C66676 /* User+Extended.h */,
				171BA9F219DF4AD000C66676 /* User+Extended.m */,
				171BAA0619DF79EA00C66676 /* Spot+Extended.h */,
				171BAA0719DF79EA00C66676 /* Spot+Extended.m */,
				1762F6EE19EF28A200EE71C2 /* Photo+Extended.h */,
				1762F6EF19EF28A200EE71C2 /* Photo+Extended.m */,
			);
			name = "Core Data Extended";
			sourceTree = "<group>";
		};
		17F2C5F419F83CE0008C86AE /* Frameworks */ = {
			isa = PBXGroup;
			children = (
				17A2FC731A08448F00564441 /* UIKit.framework */,
				17A2FC711A08448500564441 /* SystemConfiguration.framework */,
				17A2FC6F1A08447E00564441 /* Security.framework */,
				17A2FC6D1A08446E00564441 /* libicucore.dylib */,
				17A2FC6B1A08446100564441 /* Foundation.framework */,
				17A2FC691A08445500564441 /* CFNetwork.framework */,
				17A2FC661A0843CB00564441 /* libHeap.a */,
				174A538E1A058F42007B7358 /* AWSCognitoSync.framework */,
				175BC8731A02BB5800EFAEEA /* Bolts.framework */,
				175BC8741A02BB5800EFAEEA /* GZIP.framework */,
				175BC8751A02BB5800EFAEEA /* Mantle.framework */,
				175BC8761A02BB5800EFAEEA /* Reachability.framework */,
				175BC8771A02BB5800EFAEEA /* TMCache.framework */,
				175BC8781A02BB5800EFAEEA /* UICKeyChainStore.framework */,
				175BC8791A02BB5800EFAEEA /* XMLDictionary.framework */,
				17F2C5E419F83C56008C86AE /* libz.dylib */,
				17F2C5E219F83C4B008C86AE /* libsqlite3.dylib */,
				17A6D94419FAC33F0038EC1E /* AWSiOSSDKv2.framework */,
				175DA63019DB499A00897710 /* CoreLocation.framework */,
				175DA62E19DB499300897710 /* MapKit.framework */,
			);
			name = Frameworks;
			sourceTree = "<group>";
		};
		17F2C5F519F83D6E008C86AE /* service-definitions */ = {
			isa = PBXGroup;
			children = (
				17F2C5F619F83D6E008C86AE /* autoscaling-2011-01-01.json */,
				17F2C5F719F83D6E008C86AE /* cib-2014-06-30.json */,
				17F2C5F819F83D6E008C86AE /* css-2014-06-30.json */,
				17F2C5F919F83D6E008C86AE /* dynamodb-2012-08-10.json */,
				17F2C5FA19F83D6E008C86AE /* ec2-2014-06-15.json */,
				17F2C5FB19F83D6E008C86AE /* elasticloadbalancing-2012-06-01.json */,
				17F2C5FC19F83D6E008C86AE /* email-2010-12-01.json */,
				17F2C5FD19F83D6E008C86AE /* kinesis-2013-12-02.json */,
				17F2C5FE19F83D6E008C86AE /* mobileanalytics-2014-06-30.json */,
				17F2C5FF19F83D6E008C86AE /* monitoring-2010-08-01.json */,
				17F2C60019F83D6E008C86AE /* s3-2006-03-01.json */,
				17F2C60119F83D6E008C86AE /* sdb-2009-04-15.json */,
				17F2C60219F83D6E008C86AE /* sns-2010-03-31.json */,
				17F2C60319F83D6E008C86AE /* sqs-2012-11-05.json */,
				17F2C60419F83D6E008C86AE /* sts-2011-06-15.json */,
			);
			path = "service-definitions";
			sourceTree = "<group>";
		};
/* End PBXGroup section */

/* Begin PBXNativeTarget section */
		175DA5FD19DA1D2800897710 /* PKProject */ = {
			isa = PBXNativeTarget;
			buildConfigurationList = 175DA62419DA1D2800897710 /* Build configuration list for PBXNativeTarget "PKProject" */;
			buildPhases = (
				175DA5FA19DA1D2800897710 /* Sources */,
				175DA5FB19DA1D2800897710 /* Frameworks */,
				175DA5FC19DA1D2800897710 /* Resources */,
			);
			buildRules = (
			);
			dependencies = (
			);
			name = PKProject;
			productName = PKProject;
			productReference = 175DA5FE19DA1D2800897710 /* CVALT.app */;
			productType = "com.apple.product-type.application";
		};
		175DA61919DA1D2800897710 /* PKProjectTests */ = {
			isa = PBXNativeTarget;
			buildConfigurationList = 175DA62719DA1D2800897710 /* Build configuration list for PBXNativeTarget "PKProjectTests" */;
			buildPhases = (
				175DA61619DA1D2800897710 /* Sources */,
				175DA61719DA1D2800897710 /* Frameworks */,
				175DA61819DA1D2800897710 /* Resources */,
			);
			buildRules = (
			);
			dependencies = (
				175DA61C19DA1D2800897710 /* PBXTargetDependency */,
			);
			name = PKProjectTests;
			productName = PKProjectTests;
			productReference = 175DA61A19DA1D2800897710 /* PKProjectTests.xctest */;
			productType = "com.apple.product-type.bundle.unit-test";
		};
/* End PBXNativeTarget section */

/* Begin PBXProject section */
		175DA5F619DA1D2800897710 /* Project object */ = {
			isa = PBXProject;
			attributes = {
				LastUpgradeCheck = 0600;
				ORGANIZATIONNAME = Byjor;
				TargetAttributes = {
					175DA5FD19DA1D2800897710 = {
						CreatedOnToolsVersion = 6.0;
					};
					175DA61919DA1D2800897710 = {
						CreatedOnToolsVersion = 6.0;
						TestTargetID = 175DA5FD19DA1D2800897710;
					};
				};
			};
			buildConfigurationList = 175DA5F919DA1D2800897710 /* Build configuration list for PBXProject "PKProject" */;
			compatibilityVersion = "Xcode 3.2";
			developmentRegion = English;
			hasScannedForEncodings = 0;
			knownRegions = (
				en,
				Base,
			);
			mainGroup = 175DA5F519DA1D2800897710;
			productRefGroup = 175DA5FF19DA1D2800897710 /* Products */;
			projectDirPath = "";
			projectRoot = "";
			targets = (
				175DA5FD19DA1D2800897710 /* PKProject */,
				175DA61919DA1D2800897710 /* PKProjectTests */,
			);
		};
/* End PBXProject section */

/* Begin PBXResourcesBuildPhase section */
		175DA5FC19DA1D2800897710 /* Resources */ = {
			isa = PBXResourcesBuildPhase;
			buildActionMask = 2147483647;
			files = (
				17F2C60919F83D6E008C86AE /* ec2-2014-06-15.json in Resources */,
				1731D5181A0AB9040068A769 /* Images.xcassets in Resources */,
				17F2C61319F83D6E008C86AE /* sts-2011-06-15.json in Resources */,
				17F2C61819F867C4008C86AE /* loadingSpotPhoto.jpg in Resources */,
				175DA61019DA1D2800897710 /* Main.storyboard in Resources */,
				17F2C61119F83D6E008C86AE /* sns-2010-03-31.json in Resources */,
				1762F6ED19EF192700EE71C2 /* defaultSpotPhoto.jpg in Resources */,
				17F2C60519F83D6E008C86AE /* autoscaling-2011-01-01.json in Resources */,
				17F2C60719F83D6E008C86AE /* css-2014-06-30.json in Resources */,
				1731D51A1A0AF6DB0068A769 /* cvalt-roundedButton.png in Resources */,
				1731D51C1A0B002F0068A769 /* cvalt-textLogo.png in Resources */,
				17F2C60D19F83D6E008C86AE /* mobileanalytics-2014-06-30.json in Resources */,
				17F2C61019F83D6E008C86AE /* sdb-2009-04-15.json in Resources */,
				17F2C60C19F83D6E008C86AE /* kinesis-2013-12-02.json in Resources */,
				17F2C60819F83D6E008C86AE /* dynamodb-2012-08-10.json in Resources */,
				17F2C60F19F83D6E008C86AE /* s3-2006-03-01.json in Resources */,
				17F2C60A19F83D6E008C86AE /* elasticloadbalancing-2012-06-01.json in Resources */,
				17F2C60619F83D6E008C86AE /* cib-2014-06-30.json in Resources */,
				17F2C60B19F83D6E008C86AE /* email-2010-12-01.json in Resources */,
				1762F6F819F0674000EE71C2 /* noSpotPhoto.jpg in Resources */,
				17F2C60E19F83D6E008C86AE /* monitoring-2010-08-01.json in Resources */,
				175DA61519DA1D2800897710 /* LaunchScreen.xib in Resources */,
				1731D51E1A0B027B0068A769 /* cvalt-textLogo-blue.png in Resources */,
				17F2C61219F83D6E008C86AE /* sqs-2012-11-05.json in Resources */,
				175DA61219DA1D2800897710 /* Images.xcassets in Resources */,
			);
			runOnlyForDeploymentPostprocessing = 0;
		};
		175DA61819DA1D2800897710 /* Resources */ = {
			isa = PBXResourcesBuildPhase;
			buildActionMask = 2147483647;
			files = (
			);
			runOnlyForDeploymentPostprocessing = 0;
		};
/* End PBXResourcesBuildPhase section */

/* Begin PBXSourcesBuildPhase section */
		175DA5FA19DA1D2800897710 /* Sources */ = {
			isa = PBXSourcesBuildPhase;
			buildActionMask = 2147483647;
			files = (
				171BAA0819DF79EA00C66676 /* Spot+Extended.m in Sources */,
				1762F70119F1BC4400EE71C2 /* Spot.m in Sources */,
				174A537D1A045947007B7358 /* AWSHandler.m in Sources */,
				171BA9F319DF4AD000C66676 /* User+Extended.m in Sources */,
				175DA60719DA1D2800897710 /* AppDelegate.m in Sources */,
				17C7BF9F19E85A3900BD019A /* ServerObjects+Extended.m in Sources */,
				1762F70419F1BC4400EE71C2 /* User.m in Sources */,
				17A6D94819FACF490038EC1E /* ALAssetsLibrary+CustomPhotoAlbum.m in Sources */,
				1762F6FE19F1BC4400EE71C2 /* Photo.m in Sources */,
				1740BBA31A0B46770033D2DE /* LocationManagerHandler.m in Sources */,
				171BA9F619DF545C00C66676 /* ServerHandler.m in Sources */,
				175DA60A19DA1D2800897710 /* PKProject.xcdatamodeld in Sources */,
				1762F6F019EF28A200EE71C2 /* Photo+Extended.m in Sources */,
				1762F6FB19F1BC4300EE71C2 /* ServerObject.m in Sources */,
				1734B7A619E4954A009B228A /* CreateSpotViewController.m in Sources */,
				175DA60419DA1D2800897710 /* main.m in Sources */,
				1731D5211A0B042A0068A769 /* LoginViewController.m in Sources */,
				17F2C61619F8554E008C86AE /* CoreDataHandler.m in Sources */,
				175DA62C19DB491700897710 /* MapViewController.m in Sources */,
				1762F6F619EF40C500EE71C2 /* PhotoCollectionViewCell.m in Sources */,
			);
			runOnlyForDeploymentPostprocessing = 0;
		};
		175DA61619DA1D2800897710 /* Sources */ = {
			isa = PBXSourcesBuildPhase;
			buildActionMask = 2147483647;
			files = (
				175DA62119DA1D2800897710 /* PKProjectTests.m in Sources */,
			);
			runOnlyForDeploymentPostprocessing = 0;
		};
/* End PBXSourcesBuildPhase section */

/* Begin PBXTargetDependency section */
		175DA61C19DA1D2800897710 /* PBXTargetDependency */ = {
			isa = PBXTargetDependency;
			target = 175DA5FD19DA1D2800897710 /* PKProject */;
			targetProxy = 175DA61B19DA1D2800897710 /* PBXContainerItemProxy */;
		};
/* End PBXTargetDependency section */

/* Begin PBXVariantGroup section */
		175DA60E19DA1D2800897710 /* Main.storyboard */ = {
			isa = PBXVariantGroup;
			children = (
				175DA60F19DA1D2800897710 /* Base */,
			);
			name = Main.storyboard;
			sourceTree = "<group>";
		};
		175DA61319DA1D2800897710 /* LaunchScreen.xib */ = {
			isa = PBXVariantGroup;
			children = (
				175DA61419DA1D2800897710 /* Base */,
			);
			name = LaunchScreen.xib;
			sourceTree = "<group>";
		};
/* End PBXVariantGroup section */

/* Begin XCBuildConfiguration section */
		175DA62219DA1D2800897710 /* Debug */ = {
			isa = XCBuildConfiguration;
			buildSettings = {
				ALWAYS_SEARCH_USER_PATHS = NO;
				CLANG_CXX_LANGUAGE_STANDARD = "gnu++0x";
				CLANG_CXX_LIBRARY = "libc++";
				CLANG_ENABLE_MODULES = YES;
				CLANG_ENABLE_OBJC_ARC = YES;
				CLANG_WARN_BOOL_CONVERSION = YES;
				CLANG_WARN_CONSTANT_CONVERSION = YES;
				CLANG_WARN_DIRECT_OBJC_ISA_USAGE = YES_ERROR;
				CLANG_WARN_EMPTY_BODY = YES;
				CLANG_WARN_ENUM_CONVERSION = YES;
				CLANG_WARN_INT_CONVERSION = YES;
				CLANG_WARN_OBJC_ROOT_CLASS = YES_ERROR;
				CLANG_WARN_UNREACHABLE_CODE = YES;
				CLANG_WARN__DUPLICATE_METHOD_MATCH = YES;
				"CODE_SIGN_IDENTITY[sdk=iphoneos*]" = "iPhone Developer";
				COPY_PHASE_STRIP = NO;
				ENABLE_STRICT_OBJC_MSGSEND = YES;
				GCC_C_LANGUAGE_STANDARD = gnu99;
				GCC_DYNAMIC_NO_PIC = NO;
				GCC_OPTIMIZATION_LEVEL = 0;
				GCC_PREPROCESSOR_DEFINITIONS = (
					"DEBUG=1",
					"$(inherited)",
				);
				GCC_SYMBOLS_PRIVATE_EXTERN = NO;
				GCC_WARN_64_TO_32_BIT_CONVERSION = YES;
				GCC_WARN_ABOUT_RETURN_TYPE = YES_ERROR;
				GCC_WARN_UNDECLARED_SELECTOR = YES;
				GCC_WARN_UNINITIALIZED_AUTOS = YES_AGGRESSIVE;
				GCC_WARN_UNUSED_FUNCTION = YES;
				GCC_WARN_UNUSED_VARIABLE = YES;
				IPHONEOS_DEPLOYMENT_TARGET = 8.0;
				MTL_ENABLE_DEBUG_INFO = YES;
				ONLY_ACTIVE_ARCH = YES;
				SDKROOT = iphoneos;
			};
			name = Debug;
		};
		175DA62319DA1D2800897710 /* Release */ = {
			isa = XCBuildConfiguration;
			buildSettings = {
				ALWAYS_SEARCH_USER_PATHS = NO;
				CLANG_CXX_LANGUAGE_STANDARD = "gnu++0x";
				CLANG_CXX_LIBRARY = "libc++";
				CLANG_ENABLE_MODULES = YES;
				CLANG_ENABLE_OBJC_ARC = YES;
				CLANG_WARN_BOOL_CONVERSION = YES;
				CLANG_WARN_CONSTANT_CONVERSION = YES;
				CLANG_WARN_DIRECT_OBJC_ISA_USAGE = YES_ERROR;
				CLANG_WARN_EMPTY_BODY = YES;
				CLANG_WARN_ENUM_CONVERSION = YES;
				CLANG_WARN_INT_CONVERSION = YES;
				CLANG_WARN_OBJC_ROOT_CLASS = YES_ERROR;
				CLANG_WARN_UNREACHABLE_CODE = YES;
				CLANG_WARN__DUPLICATE_METHOD_MATCH = YES;
				"CODE_SIGN_IDENTITY[sdk=iphoneos*]" = "iPhone Developer";
				COPY_PHASE_STRIP = YES;
				ENABLE_NS_ASSERTIONS = NO;
				ENABLE_STRICT_OBJC_MSGSEND = YES;
				GCC_C_LANGUAGE_STANDARD = gnu99;
				GCC_WARN_64_TO_32_BIT_CONVERSION = YES;
				GCC_WARN_ABOUT_RETURN_TYPE = YES_ERROR;
				GCC_WARN_UNDECLARED_SELECTOR = YES;
				GCC_WARN_UNINITIALIZED_AUTOS = YES_AGGRESSIVE;
				GCC_WARN_UNUSED_FUNCTION = YES;
				GCC_WARN_UNUSED_VARIABLE = YES;
				IPHONEOS_DEPLOYMENT_TARGET = 8.0;
				MTL_ENABLE_DEBUG_INFO = NO;
				SDKROOT = iphoneos;
				VALIDATE_PRODUCT = YES;
			};
			name = Release;
		};
		175DA62519DA1D2800897710 /* Debug */ = {
			isa = XCBuildConfiguration;
			buildSettings = {
				ASSETCATALOG_COMPILER_APPICON_NAME = AppIcon;
				FRAMEWORK_SEARCH_PATHS = (
					"$(inherited)",
					"$(PROJECT_DIR)",
				);
				INFOPLIST_FILE = PKProject/Info.plist;
				IPHONEOS_DEPLOYMENT_TARGET = 8.0;
				LD_RUNPATH_SEARCH_PATHS = "$(inherited) @executable_path/Frameworks";
				LIBRARY_SEARCH_PATHS = (
					"$(inherited)",
					"$(PROJECT_DIR)",
				);
				OTHER_LDFLAGS = (
					"-ObjC",
					"-all_load",
					"-ObjC",
				);
				PRODUCT_NAME = CVALT;
			};
			name = Debug;
		};
		175DA62619DA1D2800897710 /* Release */ = {
			isa = XCBuildConfiguration;
			buildSettings = {
				ASSETCATALOG_COMPILER_APPICON_NAME = AppIcon;
				FRAMEWORK_SEARCH_PATHS = (
					"$(inherited)",
					"$(PROJECT_DIR)",
				);
				INFOPLIST_FILE = PKProject/Info.plist;
				IPHONEOS_DEPLOYMENT_TARGET = 8.0;
				LD_RUNPATH_SEARCH_PATHS = "$(inherited) @executable_path/Frameworks";
				LIBRARY_SEARCH_PATHS = (
					"$(inherited)",
					"$(PROJECT_DIR)",
				);
				OTHER_LDFLAGS = (
					"-ObjC",
					"-all_load",
					"-ObjC",
				);
				PRODUCT_NAME = CVALT;
			};
			name = Release;
		};
		175DA62819DA1D2800897710 /* Debug */ = {
			isa = XCBuildConfiguration;
			buildSettings = {
				BUNDLE_LOADER = "$(TEST_HOST)";
				FRAMEWORK_SEARCH_PATHS = (
					"$(SDKROOT)/Developer/Library/Frameworks",
					"$(inherited)",
				);
				GCC_PREPROCESSOR_DEFINITIONS = (
					"DEBUG=1",
					"$(inherited)",
				);
				INFOPLIST_FILE = PKProjectTests/Info.plist;
				LD_RUNPATH_SEARCH_PATHS = "$(inherited) @executable_path/Frameworks @loader_path/Frameworks";
				PRODUCT_NAME = "$(TARGET_NAME)";
				TEST_HOST = "$(BUILT_PRODUCTS_DIR)/CVALT.app/CVALT";
			};
			name = Debug;
		};
		175DA62919DA1D2800897710 /* Release */ = {
			isa = XCBuildConfiguration;
			buildSettings = {
				BUNDLE_LOADER = "$(TEST_HOST)";
				FRAMEWORK_SEARCH_PATHS = (
					"$(SDKROOT)/Developer/Library/Frameworks",
					"$(inherited)",
				);
				INFOPLIST_FILE = PKProjectTests/Info.plist;
				LD_RUNPATH_SEARCH_PATHS = "$(inherited) @executable_path/Frameworks @loader_path/Frameworks";
				PRODUCT_NAME = "$(TARGET_NAME)";
				TEST_HOST = "$(BUILT_PRODUCTS_DIR)/CVALT.app/CVALT";
			};
			name = Release;
		};
/* End XCBuildConfiguration section */

/* Begin XCConfigurationList section */
		175DA5F919DA1D2800897710 /* Build configuration list for PBXProject "PKProject" */ = {
			isa = XCConfigurationList;
			buildConfigurations = (
				175DA62219DA1D2800897710 /* Debug */,
				175DA62319DA1D2800897710 /* Release */,
			);
			defaultConfigurationIsVisible = 0;
			defaultConfigurationName = Release;
		};
		175DA62419DA1D2800897710 /* Build configuration list for PBXNativeTarget "PKProject" */ = {
			isa = XCConfigurationList;
			buildConfigurations = (
				175DA62519DA1D2800897710 /* Debug */,
				175DA62619DA1D2800897710 /* Release */,
			);
			defaultConfigurationIsVisible = 0;
			defaultConfigurationName = Release;
		};
		175DA62719DA1D2800897710 /* Build configuration list for PBXNativeTarget "PKProjectTests" */ = {
			isa = XCConfigurationList;
			buildConfigurations = (
				175DA62819DA1D2800897710 /* Debug */,
				175DA62919DA1D2800897710 /* Release */,
			);
			defaultConfigurationIsVisible = 0;
			defaultConfigurationName = Release;
		};
/* End XCConfigurationList section */

/* Begin XCVersionGroup section */
		175DA60819DA1D2800897710 /* PKProject.xcdatamodeld */ = {
			isa = XCVersionGroup;
			children = (
				175DA60919DA1D2800897710 /* PKProject.xcdatamodel */,
			);
			currentVersion = 175DA60919DA1D2800897710 /* PKProject.xcdatamodel */;
			path = PKProject.xcdatamodeld;
			sourceTree = "<group>";
			versionGroupType = wrapper.xcdatamodel;
		};
/* End XCVersionGroup section */
	};
	rootObject = 175DA5F619DA1D2800897710 /* Project object */;
}
