// !$*UTF8*$!
{
	archiveVersion = 1;
	classes = {
	};
	objectVersion = 46;
	objects = {

/* Begin PBXBuildFile section */
		171BA9F319DF4AD000C66676 /* User+Extended.m in Sources */ = {isa = PBXBuildFile; fileRef = 171BA9F219DF4AD000C66676 /* User+Extended.m */; };
		171BA9F619DF545C00C66676 /* DatabaseHandler.m in Sources */ = {isa = PBXBuildFile; fileRef = 171BA9F519DF545C00C66676 /* DatabaseHandler.m */; };
		171BA9FC19DF622E00C66676 /* Photo.m in Sources */ = {isa = PBXBuildFile; fileRef = 171BA9FB19DF622E00C66676 /* Photo.m */; };
		171BA9FF19DF622F00C66676 /* Spot.m in Sources */ = {isa = PBXBuildFile; fileRef = 171BA9FE19DF622F00C66676 /* Spot.m */; };
		171BAA0519DF656000C66676 /* User.m in Sources */ = {isa = PBXBuildFile; fileRef = 171BAA0419DF656000C66676 /* User.m */; };
		175DA60419DA1D2800897710 /* main.m in Sources */ = {isa = PBXBuildFile; fileRef = 175DA60319DA1D2800897710 /* main.m */; };
		175DA60719DA1D2800897710 /* AppDelegate.m in Sources */ = {isa = PBXBuildFile; fileRef = 175DA60619DA1D2800897710 /* AppDelegate.m */; };
		175DA60A19DA1D2800897710 /* PKProject.xcdatamodeld in Sources */ = {isa = PBXBuildFile; fileRef = 175DA60819DA1D2800897710 /* PKProject.xcdatamodeld */; };
		175DA61019DA1D2800897710 /* Main.storyboard in Resources */ = {isa = PBXBuildFile; fileRef = 175DA60E19DA1D2800897710 /* Main.storyboard */; };
		175DA61219DA1D2800897710 /* Images.xcassets in Resources */ = {isa = PBXBuildFile; fileRef = 175DA61119DA1D2800897710 /* Images.xcassets */; };
		175DA61519DA1D2800897710 /* LaunchScreen.xib in Resources */ = {isa = PBXBuildFile; fileRef = 175DA61319DA1D2800897710 /* LaunchScreen.xib */; };
		175DA62119DA1D2800897710 /* PKProjectTests.m in Sources */ = {isa = PBXBuildFile; fileRef = 175DA62019DA1D2800897710 /* PKProjectTests.m */; };
		175DA62C19DB491700897710 /* MapViewController.m in Sources */ = {isa = PBXBuildFile; fileRef = 175DA62B19DB491700897710 /* MapViewController.m */; };
		175DA62F19DB499300897710 /* MapKit.framework in Frameworks */ = {isa = PBXBuildFile; fileRef = 175DA62E19DB499300897710 /* MapKit.framework */; };
		175DA63119DB499A00897710 /* CoreLocation.framework in Frameworks */ = {isa = PBXBuildFile; fileRef = 175DA63019DB499A00897710 /* CoreLocation.framework */; };
/* End PBXBuildFile section */

/* Begin PBXContainerItemProxy section */
		175DA61B19DA1D2800897710 /* PBXContainerItemProxy */ = {
			isa = PBXContainerItemProxy;
			containerPortal = 175DA5F619DA1D2800897710 /* Project object */;
			proxyType = 1;
			remoteGlobalIDString = 175DA5FD19DA1D2800897710;
			remoteInfo = PKProject;
		};
/* End PBXContainerItemProxy section */

/* Begin PBXFileReference section */
		171BA9F119DF4AD000C66676 /* User+Extended.h */ = {isa = PBXFileReference; fileEncoding = 4; lastKnownFileType = sourcecode.c.h; path = "User+Extended.h"; sourceTree = "<group>"; };
		171BA9F219DF4AD000C66676 /* User+Extended.m */ = {isa = PBXFileReference; fileEncoding = 4; lastKnownFileType = sourcecode.c.objc; path = "User+Extended.m"; sourceTree = "<group>"; };
		171BA9F419DF545C00C66676 /* DatabaseHandler.h */ = {isa = PBXFileReference; fileEncoding = 4; lastKnownFileType = sourcecode.c.h; path = DatabaseHandler.h; sourceTree = "<group>"; };
		171BA9F519DF545C00C66676 /* DatabaseHandler.m */ = {isa = PBXFileReference; fileEncoding = 4; lastKnownFileType = sourcecode.c.objc; path = DatabaseHandler.m; sourceTree = "<group>"; };
		171BA9FA19DF622E00C66676 /* Photo.h */ = {isa = PBXFileReference; fileEncoding = 4; lastKnownFileType = sourcecode.c.h; path = Photo.h; sourceTree = "<group>"; };
		171BA9FB19DF622E00C66676 /* Photo.m */ = {isa = PBXFileReference; fileEncoding = 4; lastKnownFileType = sourcecode.c.objc; path = Photo.m; sourceTree = "<group>"; };
		171BA9FD19DF622F00C66676 /* Spot.h */ = {isa = PBXFileReference; fileEncoding = 4; lastKnownFileType = sourcecode.c.h; path = Spot.h; sourceTree = "<group>"; };
		171BA9FE19DF622F00C66676 /* Spot.m */ = {isa = PBXFileReference; fileEncoding = 4; lastKnownFileType = sourcecode.c.objc; path = Spot.m; sourceTree = "<group>"; };
		171BAA0319DF656000C66676 /* User.h */ = {isa = PBXFileReference; fileEncoding = 4; lastKnownFileType = sourcecode.c.h; path = User.h; sourceTree = "<group>"; };
		171BAA0419DF656000C66676 /* User.m */ = {isa = PBXFileReference; fileEncoding = 4; lastKnownFileType = sourcecode.c.objc; path = User.m; sourceTree = "<group>"; };
		175DA5FE19DA1D2800897710 /* PKProject.app */ = {isa = PBXFileReference; explicitFileType = wrapper.application; includeInIndex = 0; path = PKProject.app; sourceTree = BUILT_PRODUCTS_DIR; };
		175DA60219DA1D2800897710 /* Info.plist */ = {isa = PBXFileReference; lastKnownFileType = text.plist.xml; path = Info.plist; sourceTree = "<group>"; };
		175DA60319DA1D2800897710 /* main.m */ = {isa = PBXFileReference; lastKnownFileType = sourcecode.c.objc; path = main.m; sourceTree = "<group>"; };
		175DA60519DA1D2800897710 /* AppDelegate.h */ = {isa = PBXFileReference; lastKnownFileType = sourcecode.c.h; path = AppDelegate.h; sourceTree = "<group>"; };
		175DA60619DA1D2800897710 /* AppDelegate.m */ = {isa = PBXFileReference; lastKnownFileType = sourcecode.c.objc; path = AppDelegate.m; sourceTree = "<group>"; };
		175DA60919DA1D2800897710 /* PKProject.xcdatamodel */ = {isa = PBXFileReference; lastKnownFileType = wrapper.xcdatamodel; path = PKProject.xcdatamodel; sourceTree = "<group>"; };
		175DA60F19DA1D2800897710 /* Base */ = {isa = PBXFileReference; lastKnownFileType = file.storyboard; name = Base; path = Base.lproj/Main.storyboard; sourceTree = "<group>"; };
		175DA61119DA1D2800897710 /* Images.xcassets */ = {isa = PBXFileReference; lastKnownFileType = folder.assetcatalog; path = Images.xcassets; sourceTree = "<group>"; };
		175DA61419DA1D2800897710 /* Base */ = {isa = PBXFileReference; lastKnownFileType = file.xib; name = Base; path = Base.lproj/LaunchScreen.xib; sourceTree = "<group>"; };
		175DA61A19DA1D2800897710 /* PKProjectTests.xctest */ = {isa = PBXFileReference; explicitFileType = wrapper.cfbundle; includeInIndex = 0; path = PKProjectTests.xctest; sourceTree = BUILT_PRODUCTS_DIR; };
		175DA61F19DA1D2800897710 /* Info.plist */ = {isa = PBXFileReference; lastKnownFileType = text.plist.xml; path = Info.plist; sourceTree = "<group>"; };
		175DA62019DA1D2800897710 /* PKProjectTests.m */ = {isa = PBXFileReference; lastKnownFileType = sourcecode.c.objc; path = PKProjectTests.m; sourceTree = "<group>"; };
		175DA62A19DB491700897710 /* MapViewController.h */ = {isa = PBXFileReference; fileEncoding = 4; lastKnownFileType = sourcecode.c.h; path = MapViewController.h; sourceTree = "<group>"; };
		175DA62B19DB491700897710 /* MapViewController.m */ = {isa = PBXFileReference; fileEncoding = 4; lastKnownFileType = sourcecode.c.objc; path = MapViewController.m; sourceTree = "<group>"; };
		175DA62E19DB499300897710 /* MapKit.framework */ = {isa = PBXFileReference; lastKnownFileType = wrapper.framework; name = MapKit.framework; path = System/Library/Frameworks/MapKit.framework; sourceTree = SDKROOT; };
		175DA63019DB499A00897710 /* CoreLocation.framework */ = {isa = PBXFileReference; lastKnownFileType = wrapper.framework; name = CoreLocation.framework; path = System/Library/Frameworks/CoreLocation.framework; sourceTree = SDKROOT; };
/* End PBXFileReference section */

/* Begin PBXFrameworksBuildPhase section */
		175DA5FB19DA1D2800897710 /* Frameworks */ = {
			isa = PBXFrameworksBuildPhase;
			buildActionMask = 2147483647;
			files = (
				175DA63119DB499A00897710 /* CoreLocation.framework in Frameworks */,
				175DA62F19DB499300897710 /* MapKit.framework in Frameworks */,
			);
			runOnlyForDeploymentPostprocessing = 0;
		};
		175DA61719DA1D2800897710 /* Frameworks */ = {
			isa = PBXFrameworksBuildPhase;
			buildActionMask = 2147483647;
			files = (
			);
			runOnlyForDeploymentPostprocessing = 0;
		};
/* End PBXFrameworksBuildPhase section */

/* Begin PBXGroup section */
		171BA9ED19DC7F5800C66676 /* Core Data Classes */ = {
			isa = PBXGroup;
			children = (
				171BAA0319DF656000C66676 /* User.h */,
				171BAA0419DF656000C66676 /* User.m */,
				171BA9FD19DF622F00C66676 /* Spot.h */,
				171BA9FE19DF622F00C66676 /* Spot.m */,
				171BA9FA19DF622E00C66676 /* Photo.h */,
				171BA9FB19DF622E00C66676 /* Photo.m */,
			);
			name = "Core Data Classes";
			sourceTree = "<group>";
		};
		175DA5F519DA1D2800897710 = {
			isa = PBXGroup;
			children = (
				175DA63019DB499A00897710 /* CoreLocation.framework */,
				175DA62E19DB499300897710 /* MapKit.framework */,
				175DA60019DA1D2800897710 /* PKProject */,
				175DA61D19DA1D2800897710 /* PKProjectTests */,
				175DA5FF19DA1D2800897710 /* Products */,
			);
			sourceTree = "<group>";
		};
		175DA5FF19DA1D2800897710 /* Products */ = {
			isa = PBXGroup;
			children = (
				175DA5FE19DA1D2800897710 /* PKProject.app */,
				175DA61A19DA1D2800897710 /* PKProjectTests.xctest */,
			);
			name = Products;
			sourceTree = "<group>";
		};
		175DA60019DA1D2800897710 /* PKProject */ = {
			isa = PBXGroup;
			children = (
				175DA60519DA1D2800897710 /* AppDelegate.h */,
				175DA60619DA1D2800897710 /* AppDelegate.m */,
				175DA62A19DB491700897710 /* MapViewController.h */,
				175DA62B19DB491700897710 /* MapViewController.m */,
				171BA9F419DF545C00C66676 /* DatabaseHandler.h */,
				171BA9F519DF545C00C66676 /* DatabaseHandler.m */,
				171BA9F119DF4AD000C66676 /* User+Extended.h */,
				171BA9F219DF4AD000C66676 /* User+Extended.m */,
				171BA9ED19DC7F5800C66676 /* Core Data Classes */,
				175DA62D19DB493200897710 /* Structure */,
				175DA60119DA1D2800897710 /* Supporting Files */,
			);
			path = PKProject;
			sourceTree = "<group>";
		};
		175DA60119DA1D2800897710 /* Supporting Files */ = {
			isa = PBXGroup;
			children = (
				175DA60219DA1D2800897710 /* Info.plist */,
				175DA60319DA1D2800897710 /* main.m */,
			);
			name = "Supporting Files";
			sourceTree = "<group>";
		};
		175DA61D19DA1D2800897710 /* PKProjectTests */ = {
			isa = PBXGroup;
			children = (
				175DA62019DA1D2800897710 /* PKProjectTests.m */,
				175DA61E19DA1D2800897710 /* Supporting Files */,
			);
			path = PKProjectTests;
			sourceTree = "<group>";
		};
		175DA61E19DA1D2800897710 /* Supporting Files */ = {
			isa = PBXGroup;
			children = (
				175DA61F19DA1D2800897710 /* Info.plist */,
			);
			name = "Supporting Files";
			sourceTree = "<group>";
		};
		175DA62D19DB493200897710 /* Structure */ = {
			isa = PBXGroup;
			children = (
				175DA60E19DA1D2800897710 /* Main.storyboard */,
				175DA61119DA1D2800897710 /* Images.xcassets */,
				175DA61319DA1D2800897710 /* LaunchScreen.xib */,
				175DA60819DA1D2800897710 /* PKProject.xcdatamodeld */,
			);
			name = Structure;
			sourceTree = "<group>";
		};
/* End PBXGroup section */

/* Begin PBXNativeTarget section */
		175DA5FD19DA1D2800897710 /* PKProject */ = {
			isa = PBXNativeTarget;
			buildConfigurationList = 175DA62419DA1D2800897710 /* Build configuration list for PBXNativeTarget "PKProject" */;
			buildPhases = (
				175DA5FA19DA1D2800897710 /* Sources */,
				175DA5FB19DA1D2800897710 /* Frameworks */,
				175DA5FC19DA1D2800897710 /* Resources */,
			);
			buildRules = (
			);
			dependencies = (
			);
			name = PKProject;
			productName = PKProject;
			productReference = 175DA5FE19DA1D2800897710 /* PKProject.app */;
			productType = "com.apple.product-type.application";
		};
		175DA61919DA1D2800897710 /* PKProjectTests */ = {
			isa = PBXNativeTarget;
			buildConfigurationList = 175DA62719DA1D2800897710 /* Build configuration list for PBXNativeTarget "PKProjectTests" */;
			buildPhases = (
				175DA61619DA1D2800897710 /* Sources */,
				175DA61719DA1D2800897710 /* Frameworks */,
				175DA61819DA1D2800897710 /* Resources */,
			);
			buildRules = (
			);
			dependencies = (
				175DA61C19DA1D2800897710 /* PBXTargetDependency */,
			);
			name = PKProjectTests;
			productName = PKProjectTests;
			productReference = 175DA61A19DA1D2800897710 /* PKProjectTests.xctest */;
			productType = "com.apple.product-type.bundle.unit-test";
		};
/* End PBXNativeTarget section */

/* Begin PBXProject section */
		175DA5F619DA1D2800897710 /* Project object */ = {
			isa = PBXProject;
			attributes = {
				LastUpgradeCheck = 0600;
				ORGANIZATIONNAME = Byjor;
				TargetAttributes = {
					175DA5FD19DA1D2800897710 = {
						CreatedOnToolsVersion = 6.0;
					};
					175DA61919DA1D2800897710 = {
						CreatedOnToolsVersion = 6.0;
						TestTargetID = 175DA5FD19DA1D2800897710;
					};
				};
			};
			buildConfigurationList = 175DA5F919DA1D2800897710 /* Build configuration list for PBXProject "PKProject" */;
			compatibilityVersion = "Xcode 3.2";
			developmentRegion = English;
			hasScannedForEncodings = 0;
			knownRegions = (
				en,
				Base,
			);
			mainGroup = 175DA5F519DA1D2800897710;
			productRefGroup = 175DA5FF19DA1D2800897710 /* Products */;
			projectDirPath = "";
			projectRoot = "";
			targets = (
				175DA5FD19DA1D2800897710 /* PKProject */,
				175DA61919DA1D2800897710 /* PKProjectTests */,
			);
		};
/* End PBXProject section */

/* Begin PBXResourcesBuildPhase section */
		175DA5FC19DA1D2800897710 /* Resources */ = {
			isa = PBXResourcesBuildPhase;
			buildActionMask = 2147483647;
			files = (
				175DA61019DA1D2800897710 /* Main.storyboard in Resources */,
				175DA61519DA1D2800897710 /* LaunchScreen.xib in Resources */,
				175DA61219DA1D2800897710 /* Images.xcassets in Resources */,
			);
			runOnlyForDeploymentPostprocessing = 0;
		};
		175DA61819DA1D2800897710 /* Resources */ = {
			isa = PBXResourcesBuildPhase;
			buildActionMask = 2147483647;
			files = (
			);
			runOnlyForDeploymentPostprocessing = 0;
		};
/* End PBXResourcesBuildPhase section */

/* Begin PBXSourcesBuildPhase section */
		175DA5FA19DA1D2800897710 /* Sources */ = {
			isa = PBXSourcesBuildPhase;
			buildActionMask = 2147483647;
			files = (
				171BA9F319DF4AD000C66676 /* User+Extended.m in Sources */,
				175DA60719DA1D2800897710 /* AppDelegate.m in Sources */,
				171BAA0519DF656000C66676 /* User.m in Sources */,
				171BA9F619DF545C00C66676 /* DatabaseHandler.m in Sources */,
				171BA9FC19DF622E00C66676 /* Photo.m in Sources */,
				171BA9FF19DF622F00C66676 /* Spot.m in Sources */,
				175DA60A19DA1D2800897710 /* PKProject.xcdatamodeld in Sources */,
				175DA60419DA1D2800897710 /* main.m in Sources */,
				175DA62C19DB491700897710 /* MapViewController.m in Sources */,
			);
			runOnlyForDeploymentPostprocessing = 0;
		};
		175DA61619DA1D2800897710 /* Sources */ = {
			isa = PBXSourcesBuildPhase;
			buildActionMask = 2147483647;
			files = (
				175DA62119DA1D2800897710 /* PKProjectTests.m in Sources */,
			);
			runOnlyForDeploymentPostprocessing = 0;
		};
/* End PBXSourcesBuildPhase section */

/* Begin PBXTargetDependency section */
		175DA61C19DA1D2800897710 /* PBXTargetDependency */ = {
			isa = PBXTargetDependency;
			target = 175DA5FD19DA1D2800897710 /* PKProject */;
			targetProxy = 175DA61B19DA1D2800897710 /* PBXContainerItemProxy */;
		};
/* End PBXTargetDependency section */

/* Begin PBXVariantGroup section */
		175DA60E19DA1D2800897710 /* Main.storyboard */ = {
			isa = PBXVariantGroup;
			children = (
				175DA60F19DA1D2800897710 /* Base */,
			);
			name = Main.storyboard;
			sourceTree = "<group>";
		};
		175DA61319DA1D2800897710 /* LaunchScreen.xib */ = {
			isa = PBXVariantGroup;
			children = (
				175DA61419DA1D2800897710 /* Base */,
			);
			name = LaunchScreen.xib;
			sourceTree = "<group>";
		};
/* End PBXVariantGroup section */

/* Begin XCBuildConfiguration section */
		175DA62219DA1D2800897710 /* Debug */ = {
			isa = XCBuildConfiguration;
			buildSettings = {
				ALWAYS_SEARCH_USER_PATHS = NO;
				CLANG_CXX_LANGUAGE_STANDARD = "gnu++0x";
				CLANG_CXX_LIBRARY = "libc++";
				CLANG_ENABLE_MODULES = YES;
				CLANG_ENABLE_OBJC_ARC = YES;
				CLANG_WARN_BOOL_CONVERSION = YES;
				CLANG_WARN_CONSTANT_CONVERSION = YES;
				CLANG_WARN_DIRECT_OBJC_ISA_USAGE = YES_ERROR;
				CLANG_WARN_EMPTY_BODY = YES;
				CLANG_WARN_ENUM_CONVERSION = YES;
				CLANG_WARN_INT_CONVERSION = YES;
				CLANG_WARN_OBJC_ROOT_CLASS = YES_ERROR;
				CLANG_WARN_UNREACHABLE_CODE = YES;
				CLANG_WARN__DUPLICATE_METHOD_MATCH = YES;
				"CODE_SIGN_IDENTITY[sdk=iphoneos*]" = "iPhone Developer";
				COPY_PHASE_STRIP = NO;
				ENABLE_STRICT_OBJC_MSGSEND = YES;
				GCC_C_LANGUAGE_STANDARD = gnu99;
				GCC_DYNAMIC_NO_PIC = NO;
				GCC_OPTIMIZATION_LEVEL = 0;
				GCC_PREPROCESSOR_DEFINITIONS = (
					"DEBUG=1",
					"$(inherited)",
				);
				GCC_SYMBOLS_PRIVATE_EXTERN = NO;
				GCC_WARN_64_TO_32_BIT_CONVERSION = YES;
				GCC_WARN_ABOUT_RETURN_TYPE = YES_ERROR;
				GCC_WARN_UNDECLARED_SELECTOR = YES;
				GCC_WARN_UNINITIALIZED_AUTOS = YES_AGGRESSIVE;
				GCC_WARN_UNUSED_FUNCTION = YES;
				GCC_WARN_UNUSED_VARIABLE = YES;
				IPHONEOS_DEPLOYMENT_TARGET = 8.0;
				MTL_ENABLE_DEBUG_INFO = YES;
				ONLY_ACTIVE_ARCH = YES;
				SDKROOT = iphoneos;
			};
			name = Debug;
		};
		175DA62319DA1D2800897710 /* Release */ = {
			isa = XCBuildConfiguration;
			buildSettings = {
				ALWAYS_SEARCH_USER_PATHS = NO;
				CLANG_CXX_LANGUAGE_STANDARD = "gnu++0x";
				CLANG_CXX_LIBRARY = "libc++";
				CLANG_ENABLE_MODULES = YES;
				CLANG_ENABLE_OBJC_ARC = YES;
				CLANG_WARN_BOOL_CONVERSION = YES;
				CLANG_WARN_CONSTANT_CONVERSION = YES;
				CLANG_WARN_DIRECT_OBJC_ISA_USAGE = YES_ERROR;
				CLANG_WARN_EMPTY_BODY = YES;
				CLANG_WARN_ENUM_CONVERSION = YES;
				CLANG_WARN_INT_CONVERSION = YES;
				CLANG_WARN_OBJC_ROOT_CLASS = YES_ERROR;
				CLANG_WARN_UNREACHABLE_CODE = YES;
				CLANG_WARN__DUPLICATE_METHOD_MATCH = YES;
				"CODE_SIGN_IDENTITY[sdk=iphoneos*]" = "iPhone Developer";
				COPY_PHASE_STRIP = YES;
				ENABLE_NS_ASSERTIONS = NO;
				ENABLE_STRICT_OBJC_MSGSEND = YES;
				GCC_C_LANGUAGE_STANDARD = gnu99;
				GCC_WARN_64_TO_32_BIT_CONVERSION = YES;
				GCC_WARN_ABOUT_RETURN_TYPE = YES_ERROR;
				GCC_WARN_UNDECLARED_SELECTOR = YES;
				GCC_WARN_UNINITIALIZED_AUTOS = YES_AGGRESSIVE;
				GCC_WARN_UNUSED_FUNCTION = YES;
				GCC_WARN_UNUSED_VARIABLE = YES;
				IPHONEOS_DEPLOYMENT_TARGET = 8.0;
				MTL_ENABLE_DEBUG_INFO = NO;
				SDKROOT = iphoneos;
				VALIDATE_PRODUCT = YES;
			};
			name = Release;
		};
		175DA62519DA1D2800897710 /* Debug */ = {
			isa = XCBuildConfiguration;
			buildSettings = {
				ASSETCATALOG_COMPILER_APPICON_NAME = AppIcon;
				INFOPLIST_FILE = PKProject/Info.plist;
				LD_RUNPATH_SEARCH_PATHS = "$(inherited) @executable_path/Frameworks";
				PRODUCT_NAME = "$(TARGET_NAME)";
			};
			name = Debug;
		};
		175DA62619DA1D2800897710 /* Release */ = {
			isa = XCBuildConfiguration;
			buildSettings = {
				ASSETCATALOG_COMPILER_APPICON_NAME = AppIcon;
				INFOPLIST_FILE = PKProject/Info.plist;
				LD_RUNPATH_SEARCH_PATHS = "$(inherited) @executable_path/Frameworks";
				PRODUCT_NAME = "$(TARGET_NAME)";
			};
			name = Release;
		};
		175DA62819DA1D2800897710 /* Debug */ = {
			isa = XCBuildConfiguration;
			buildSettings = {
				BUNDLE_LOADER = "$(TEST_HOST)";
				FRAMEWORK_SEARCH_PATHS = (
					"$(SDKROOT)/Developer/Library/Frameworks",
					"$(inherited)",
				);
				GCC_PREPROCESSOR_DEFINITIONS = (
					"DEBUG=1",
					"$(inherited)",
				);
				INFOPLIST_FILE = PKProjectTests/Info.plist;
				LD_RUNPATH_SEARCH_PATHS = "$(inherited) @executable_path/Frameworks @loader_path/Frameworks";
				PRODUCT_NAME = "$(TARGET_NAME)";
				TEST_HOST = "$(BUILT_PRODUCTS_DIR)/PKProject.app/PKProject";
			};
			name = Debug;
		};
		175DA62919DA1D2800897710 /* Release */ = {
			isa = XCBuildConfiguration;
			buildSettings = {
				BUNDLE_LOADER = "$(TEST_HOST)";
				FRAMEWORK_SEARCH_PATHS = (
					"$(SDKROOT)/Developer/Library/Frameworks",
					"$(inherited)",
				);
				INFOPLIST_FILE = PKProjectTests/Info.plist;
				LD_RUNPATH_SEARCH_PATHS = "$(inherited) @executable_path/Frameworks @loader_path/Frameworks";
				PRODUCT_NAME = "$(TARGET_NAME)";
				TEST_HOST = "$(BUILT_PRODUCTS_DIR)/PKProject.app/PKProject";
			};
			name = Release;
		};
/* End XCBuildConfiguration section */

/* Begin XCConfigurationList section */
		175DA5F919DA1D2800897710 /* Build configuration list for PBXProject "PKProject" */ = {
			isa = XCConfigurationList;
			buildConfigurations = (
				175DA62219DA1D2800897710 /* Debug */,
				175DA62319DA1D2800897710 /* Release */,
			);
			defaultConfigurationIsVisible = 0;
			defaultConfigurationName = Release;
		};
		175DA62419DA1D2800897710 /* Build configuration list for PBXNativeTarget "PKProject" */ = {
			isa = XCConfigurationList;
			buildConfigurations = (
				175DA62519DA1D2800897710 /* Debug */,
				175DA62619DA1D2800897710 /* Release */,
			);
			defaultConfigurationIsVisible = 0;
			defaultConfigurationName = Release;
		};
		175DA62719DA1D2800897710 /* Build configuration list for PBXNativeTarget "PKProjectTests" */ = {
			isa = XCConfigurationList;
			buildConfigurations = (
				175DA62819DA1D2800897710 /* Debug */,
				175DA62919DA1D2800897710 /* Release */,
			);
			defaultConfigurationIsVisible = 0;
			defaultConfigurationName = Release;
		};
/* End XCConfigurationList section */

/* Begin XCVersionGroup section */
		175DA60819DA1D2800897710 /* PKProject.xcdatamodeld */ = {
			isa = XCVersionGroup;
			children = (
				175DA60919DA1D2800897710 /* PKProject.xcdatamodel */,
			);
			currentVersion = 175DA60919DA1D2800897710 /* PKProject.xcdatamodel */;
			path = PKProject.xcdatamodeld;
			sourceTree = "<group>";
			versionGroupType = wrapper.xcdatamodel;
		};
/* End XCVersionGroup section */
	};
	rootObject = 175DA5F619DA1D2800897710 /* Project object */;
}
